{
    "_readme": [
        "This file locks the dependencies of your project to a known state",
        "Read more about it at https://getcomposer.org/doc/01-basic-usage.md#installing-dependencies",
        "This file is @generated automatically"
    ],
    "content-hash": "d782bcf945c8454f957a59ef5488f029",
    "packages": [
        {
            "name": "cebe/markdown",
            "version": "1.1.0",
            "source": {
                "type": "git",
                "url": "https://github.com/cebe/markdown.git",
                "reference": "54a2c49de31cc44e864ebf0500a35ef21d0010b2"
            },
            "dist": {
                "type": "zip",
                "url": "https://api.github.com/repos/cebe/markdown/zipball/54a2c49de31cc44e864ebf0500a35ef21d0010b2",
                "reference": "54a2c49de31cc44e864ebf0500a35ef21d0010b2",
                "shasum": ""
            },
            "require": {
                "lib-pcre": "*",
                "php": ">=5.4.0"
            },
            "require-dev": {
                "cebe/indent": "*",
                "facebook/xhprof": "*@dev",
                "phpunit/phpunit": "4.1.*"
            },
            "bin": [
                "bin/markdown"
            ],
            "type": "library",
            "extra": {
                "branch-alias": {
                    "dev-master": "1.1.x-dev"
                }
            },
            "autoload": {
                "psr-4": {
                    "cebe\\markdown\\": ""
                }
            },
            "notification-url": "https://packagist.org/downloads/",
            "license": [
                "MIT"
            ],
            "authors": [
                {
                    "name": "Carsten Brandt",
                    "email": "mail@cebe.cc",
                    "homepage": "http://cebe.cc/",
                    "role": "Creator"
                }
            ],
            "description": "A super fast, highly extensible markdown parser for PHP",
            "homepage": "https://github.com/cebe/markdown#readme",
            "keywords": [
                "extensible",
                "fast",
                "gfm",
                "markdown",
                "markdown-extra"
            ],
            "time": "2015-03-06T05:28:07+00:00"
        },
        {
            "name": "erusev/parsedown",
            "version": "v1.7.2",
            "source": {
                "type": "git",
                "url": "https://github.com/erusev/parsedown.git",
                "reference": "d60bcdc46978357759ecb13cb4b078da783f8faf"
            },
            "dist": {
                "type": "zip",
                "url": "https://api.github.com/repos/erusev/parsedown/zipball/d60bcdc46978357759ecb13cb4b078da783f8faf",
                "reference": "d60bcdc46978357759ecb13cb4b078da783f8faf",
                "shasum": ""
            },
            "require": {
                "ext-mbstring": "*",
                "php": ">=5.3.0"
            },
            "require-dev": {
                "phpunit/phpunit": "^4.8.35"
            },
            "type": "library",
            "autoload": {
                "psr-0": {
                    "Parsedown": ""
                }
            },
            "notification-url": "https://packagist.org/downloads/",
            "license": [
                "MIT"
            ],
            "authors": [
                {
                    "name": "Emanuil Rusev",
                    "email": "hello@erusev.com",
                    "homepage": "http://erusev.com"
                }
            ],
            "description": "Parser for Markdown.",
            "homepage": "http://parsedown.org",
            "keywords": [
                "markdown",
                "parser"
            ],
            "support": {
                "issues": "https://github.com/erusev/parsedown/issues",
                "source": "https://github.com/erusev/parsedown/tree/1.7.x"
            },
            "time": "2019-03-17T17:19:46+00:00"
        },
        {
            "name": "league/commonmark",
            "version": "0.11.3",
            "source": {
                "type": "git",
                "url": "https://github.com/thephpleague/commonmark.git",
                "reference": "d22d6a6a4b049faccc2f8e491cce6076eeb165c7"
            },
            "dist": {
                "type": "zip",
                "url": "https://api.github.com/repos/thephpleague/commonmark/zipball/d22d6a6a4b049faccc2f8e491cce6076eeb165c7",
                "reference": "d22d6a6a4b049faccc2f8e491cce6076eeb165c7",
                "shasum": ""
            },
            "require": {
                "ext-mbstring": "*",
                "php": ">=5.4.8"
            },
            "replace": {
                "colinodell/commonmark-php": "*"
            },
            "require-dev": {
                "erusev/parsedown": "~1.0",
                "jgm/commonmark": "0.22",
                "jgm/smartpunct": "0.22",
                "michelf/php-markdown": "~1.4",
                "mikehaertl/php-shellcommand": "~1.1.0",
                "phpunit/phpunit": "~4.3",
                "phpunit/phpunit-mock-objects": "2.3.0",
                "symfony/finder": "~2.3"
            },
            "bin": [
                "bin/commonmark"
            ],
            "type": "library",
            "extra": {
                "branch-alias": {
                    "dev-master": "0.12-dev"
                }
            },
            "autoload": {
                "psr-4": {
                    "League\\CommonMark\\": "src/"
                }
            },
            "notification-url": "https://packagist.org/downloads/",
            "license": [
                "BSD-3-Clause"
            ],
            "authors": [
                {
                    "name": "Colin O'Dell",
                    "email": "colinodell@gmail.com",
                    "homepage": "http://www.colinodell.com",
                    "role": "Lead Developer"
                }
            ],
            "description": "Markdown parser for PHP based on the CommonMark spec",
            "homepage": "https://github.com/thephpleague/commonmark",
            "keywords": [
                "commonmark",
                "markdown",
                "parser"
            ],
            "time": "2015-09-25T12:40:32+00:00"
        },
        {
            "name": "league/html-to-markdown",
            "version": "4.0.1",
            "source": {
                "type": "git",
                "url": "https://github.com/thephpleague/html-to-markdown.git",
                "reference": "c496c27e01b9dce310e03afbcdf783347738f67b"
            },
            "dist": {
                "type": "zip",
                "url": "https://api.github.com/repos/thephpleague/html-to-markdown/zipball/c496c27e01b9dce310e03afbcdf783347738f67b",
                "reference": "c496c27e01b9dce310e03afbcdf783347738f67b",
                "shasum": ""
            },
            "require": {
                "ext-dom": "*",
                "ext-xml": "*",
                "php": ">=5.3.3"
            },
            "require-dev": {
                "phpunit/phpunit": "4.*",
                "scrutinizer/ocular": "~1.1"
            },
            "type": "library",
            "extra": {
                "branch-alias": {
                    "dev-master": "4.1-dev"
                }
            },
            "autoload": {
                "psr-4": {
                    "League\\HTMLToMarkdown\\": "src/"
                }
            },
            "notification-url": "https://packagist.org/downloads/",
            "license": [
                "MIT"
            ],
            "authors": [
                {
                    "name": "Colin O'Dell",
                    "email": "colinodell@gmail.com",
                    "homepage": "http://www.colinodell.com",
                    "role": "Lead Developer"
                },
                {
                    "name": "Nick Cernis",
                    "email": "nick@cern.is",
                    "homepage": "http://modernnerd.net",
                    "role": "Original Author"
                }
            ],
            "description": "An HTML-to-markdown conversion helper for PHP",
            "homepage": "https://github.com/thephpleague/html-to-markdown",
            "keywords": [
                "html",
                "markdown"
            ],
            "time": "2015-09-01T22:39:54+00:00"
        },
        {
            "name": "michelf/php-markdown",
            "version": "1.5.0",
            "source": {
                "type": "git",
                "url": "https://github.com/michelf/php-markdown.git",
                "reference": "e1aabe18173231ebcefc90e615565742fc1c7fd9"
            },
            "dist": {
                "type": "zip",
                "url": "https://api.github.com/repos/michelf/php-markdown/zipball/e1aabe18173231ebcefc90e615565742fc1c7fd9",
                "reference": "e1aabe18173231ebcefc90e615565742fc1c7fd9",
                "shasum": ""
            },
            "require": {
                "php": ">=5.3.0"
            },
            "type": "library",
            "extra": {
                "branch-alias": {
                    "dev-lib": "1.4.x-dev"
                }
            },
            "autoload": {
                "psr-0": {
                    "Michelf": ""
                }
            },
            "notification-url": "https://packagist.org/downloads/",
            "license": [
                "BSD-3-Clause"
            ],
            "authors": [
                {
                    "name": "John Gruber",
                    "homepage": "http://daringfireball.net/"
                },
                {
                    "name": "Michel Fortin",
                    "email": "michel.fortin@michelf.ca",
                    "homepage": "https://michelf.ca/",
                    "role": "Developer"
                }
            ],
            "description": "PHP Markdown",
            "homepage": "https://michelf.ca/projects/php-markdown/",
            "keywords": [
                "markdown"
            ],
            "time": "2015-03-01T12:03:08+00:00"
        },
        {
            "name": "net_bazzline/php_component_cli_arguments",
            "version": "1.1.1",
            "source": {
                "type": "git",
                "url": "https://github.com/bazzline/php_component_cli_arguments.git",
                "reference": "6ec4b50903e5a561a71859ea62f9b079a9f3a045"
            },
            "dist": {
                "type": "zip",
                "url": "https://api.github.com/repos/bazzline/php_component_cli_arguments/zipball/6ec4b50903e5a561a71859ea62f9b079a9f3a045",
                "reference": "6ec4b50903e5a561a71859ea62f9b079a9f3a045",
                "shasum": ""
            },
            "require": {
                "php": ">=5.3.3"
            },
            "require-dev": {
                "phpunit/phpunit": "4.8.*"
            },
            "type": "library",
            "autoload": {
                "psr-0": {
                    "Net\\Bazzline\\Component\\Cli\\Arguments": "source/",
                    "Test\\Net\\Bazzline\\Component\\Cli\\Arguments": "test/"
                }
            },
            "notification-url": "https://packagist.org/downloads/",
            "license": [
                "LGPLv3"
            ],
            "authors": [
                {
                    "name": "Stev Leibelt",
                    "email": "artodeto@bazzline.net",
                    "homepage": "https://artodeto.bazzline.net",
                    "role": "Developer"
                }
            ],
            "description": "free as in freedom php cli command thin wrapper to easy up usage and validation of command line arguments",
            "keywords": [
                "argument",
                "cli",
                "flag",
                "free as in freedom",
                "getopt",
                "lgpl",
                "php",
                "shell",
                "trigger"
            ],
            "time": "2015-08-18T15:53:30+00:00"
        },
        {
            "name": "net_bazzline/php_component_cli_environment",
            "version": "0.1.0",
            "source": {
                "type": "git",
                "url": "https://github.com/bazzline/php_component_cli_environment.git",
                "reference": "33519f86afaa6c65586b69072bc2b68b58abdab5"
            },
            "dist": {
                "type": "zip",
                "url": "https://api.github.com/repos/bazzline/php_component_cli_environment/zipball/33519f86afaa6c65586b69072bc2b68b58abdab5",
                "reference": "33519f86afaa6c65586b69072bc2b68b58abdab5",
                "shasum": ""
            },
            "require": {
                "net_bazzline/php_component_cli_arguments": "1.1.1",
                "net_bazzline/php_component_toolbox": ">=1.5",
                "php": ">=5.3.3"
            },
            "bin": [
                "bin/net_bazzline_create_executable_command_line_file"
            ],
            "type": "library",
            "autoload": {
                "psr-0": {
                    "Net\\Bazzline\\Component\\Cli\\Environment": "source/"
                }
            },
            "notification-url": "https://packagist.org/downloads/",
            "license": [
                "LGPLv3"
            ],
            "authors": [
                {
                    "name": "Stev Leibelt",
                    "email": "artodeto@bazzline.net",
                    "homepage": "https://artodeto.bazzline.net",
                    "role": "Developer"
                }
            ],
            "description": "free as in freedom command line environment for php creating lean command line executable files",
            "keywords": [
                "cli",
                "command line",
                "component",
                "console",
                "environment",
                "free as in freedom",
                "lean",
                "lgpl",
                "php"
            ],
            "time": "2015-10-10T21:25:39+00:00"
        },
        {
            "name": "net_bazzline/php_component_code_generator",
            "version": "1.1.8",
            "source": {
                "type": "git",
                "url": "https://github.com/bazzline/php_component_code_generator.git",
                "reference": "a599f95e4f6dbbc421750e3aaebc4508ff8315ae"
            },
            "dist": {
                "type": "zip",
                "url": "https://api.github.com/repos/bazzline/php_component_code_generator/zipball/a599f95e4f6dbbc421750e3aaebc4508ff8315ae",
                "reference": "a599f95e4f6dbbc421750e3aaebc4508ff8315ae",
                "shasum": ""
            },
            "require": {
                "php": ">=5.3.3"
            },
            "require-dev": {
                "mockery/mockery": "0.9.*",
                "phpunit/phpunit": "4.8.*"
            },
            "type": "library",
            "autoload": {
                "psr-0": {
                    "Net\\Bazzline\\Component\\CodeGenerator": "source/",
                    "Test\\Net\\Bazzline\\Component\\CodeGenerator": "test/"
                }
            },
            "notification-url": "https://packagist.org/downloads/",
            "license": [
                "LGPLv3"
            ],
            "authors": [
                {
                    "name": "Stev Leibelt",
                    "email": "artodeto@bazzline.net",
                    "homepage": "https://artodeto.bazzline.et",
                    "role": "Developer"
                }
            ],
            "description": "free as in freedom component to generate php code for class, file, method, property, constant, documentation",
            "keywords": [
                "free as in freedom",
                "generator",
                "lgpl",
                "php",
                "php code generator",
                "phpdoc"
            ],
            "time": "2015-08-21T10:28:32+00:00"
        },
        {
            "name": "net_bazzline/php_component_command",
            "version": "1.2.0",
            "source": {
                "type": "git",
                "url": "https://github.com/bazzline/php_component_command.git",
                "reference": "5b21b6ea4374180784b645caaf0ee8895706c6c3"
            },
            "dist": {
                "type": "zip",
                "url": "https://api.github.com/repos/bazzline/php_component_command/zipball/5b21b6ea4374180784b645caaf0ee8895706c6c3",
                "reference": "5b21b6ea4374180784b645caaf0ee8895706c6c3",
                "shasum": ""
            },
            "require": {
                "php": ">=5.3.3"
            },
            "require-dev": {
                "mockery/mockery": "0.9.*",
                "phpunit/phpunit": "4.8.*"
            },
            "type": "library",
            "autoload": {
                "psr-0": {
                    "Example": "example",
                    "Net\\Bazzline\\Component\\Command": "source/",
                    "Test\\Net\\Bazzline\\Component\\Command": "test/"
                }
            },
            "notification-url": "https://packagist.org/downloads/",
            "license": [
                "LGPLv3"
            ],
            "authors": [
                {
                    "name": "Stev Leibelt",
                    "email": "artodeto@bazzline.net",
                    "homepage": "https://artodeto.bazzline.et",
                    "role": "Developer"
                }
            ],
            "description": "free as in freedom php component command is a thin and generic wrapper to easy up using system (shell) command usage",
            "keywords": [
                "command",
                "component",
                "free as in freedom",
                "job",
                "lgpl",
                "php",
                "shell",
                "system command",
                "wrapper"
            ],
            "time": "2015-09-18T12:45:48+00:00"
        },
        {
            "name": "net_bazzline/php_component_locator_generator",
            "version": "2.0.4",
            "source": {
                "type": "git",
                "url": "https://github.com/bazzline/php_component_locator_generator.git",
                "reference": "5ac6ff2beadbadfe3e6893bb0874044fc24893b2"
            },
            "dist": {
                "type": "zip",
                "url": "https://api.github.com/repos/bazzline/php_component_locator_generator/zipball/5ac6ff2beadbadfe3e6893bb0874044fc24893b2",
                "reference": "5ac6ff2beadbadfe3e6893bb0874044fc24893b2",
                "shasum": ""
            },
            "require": {
                "net_bazzline/php_component_cli_arguments": "1.1.*",
                "net_bazzline/php_component_code_generator": "1.1.*",
                "net_bazzline/php_component_command": "1.2.*",
                "net_bazzline/php_component_process_pipe": "1.0.*",
                "php": ">=5.3.3"
            },
            "require-dev": {
                "mikey179/vfsstream": "1.5.0",
                "mockery/mockery": "0.9.4",
                "phpunit/phpunit": "4.8.*"
            },
            "bin": [
                "bin/net_bazzline_generate_locator"
            ],
            "type": "library",
            "autoload": {
                "psr-0": {
                    "Net\\Bazzline\\Component\\Locator": "source/",
                    "Test\\Net\\Bazzline\\Component\\Locator": "test/"
                }
            },
            "notification-url": "https://packagist.org/downloads/",
            "license": [
                "LGPLv3"
            ],
            "authors": [
                {
                    "name": "Stev Leibelt",
                    "email": "artodeto@bazzline.net",
                    "homepage": "https://artodeto.bazzline.et",
                    "role": "Developer"
                }
            ],
            "description": "Free as in freedom php component that generates configuration based hard coded locator",
            "keywords": [
                "array",
                "configuration",
                "free as in freedom",
                "generator",
                "lgpl",
                "locator",
                "php",
                "propel",
                "schema.xml"
            ],
            "time": "2015-09-19T09:09:27+00:00"
        },
        {
            "name": "net_bazzline/php_component_process_pipe",
            "version": "1.0.3",
            "source": {
                "type": "git",
                "url": "https://github.com/bazzline/php_component_process_pipe.git",
                "reference": "38b817f08eb8110302bfa67d1e729582084cfe6d"
            },
            "dist": {
                "type": "zip",
                "url": "https://api.github.com/repos/bazzline/php_component_process_pipe/zipball/38b817f08eb8110302bfa67d1e729582084cfe6d",
                "reference": "38b817f08eb8110302bfa67d1e729582084cfe6d",
                "shasum": ""
            },
            "require": {
                "php": ">=5.3.3"
            },
            "require-dev": {
                "mockery/mockery": "0.9.4",
                "phpunit/phpunit": "4.8.*"
            },
            "type": "library",
            "autoload": {
                "psr-0": {
                    "Example": "example/",
                    "Net\\Bazzline\\Component\\ProcessPipe": "source/",
                    "Test\\Net\\Bazzline\\Component\\ProcessPipe": "test/"
                }
            },
            "notification-url": "https://packagist.org/downloads/",
            "license": [
                "LGPLv3"
            ],
            "authors": [
                {
                    "name": "Stev Leibelt",
                    "email": "artodeto@bazzline.net",
                    "homepage": "https://artodeto.bazzline.et",
                    "role": "Developer"
                }
            ],
            "description": "free as in freedom php component process to easy up creation of pipe process in php",
            "keywords": [
                "component",
                "free as in freedom",
                "lgpl",
                "php",
                "pipe",
                "process",
                "process pipe"
            ],
            "time": "2015-08-28T12:18:43+00:00"
        },
        {
            "name": "net_bazzline/php_component_template",
            "version": "3.0.0",
            "source": {
                "type": "git",
                "url": "https://github.com/bazzline/php_component_template.git",
                "reference": "60c12e123fb1b112e4c8a0d208ebe5404ad8bd22"
            },
            "dist": {
                "type": "zip",
                "url": "https://api.github.com/repos/bazzline/php_component_template/zipball/60c12e123fb1b112e4c8a0d208ebe5404ad8bd22",
                "reference": "60c12e123fb1b112e4c8a0d208ebe5404ad8bd22",
                "shasum": ""
            },
            "require": {
                "php": ">=5.3.3"
            },
            "require-dev": {
                "mikey179/vfsstream": "1.6.0",
                "phpunit/phpunit": ">=4.8.11"
            },
            "type": "library",
            "autoload": {
                "psr-0": {
                    "Net\\Bazzline\\Component\\Template": "source/",
                    "Test\\Net\\Bazzline\\Component\\Template": "test/"
                }
            },
            "notification-url": "https://packagist.org/downloads/",
            "license": [
                "LGPLv3"
            ],
            "authors": [
                {
                    "name": "Stev Leibelt",
                    "email": "artodeto@bazzline.net",
                    "homepage": "https://artodeto.bazzline.net",
                    "role": "Developer"
                }
            ],
            "description": "free as in freedom free software template engine for php",
            "keywords": [
                "__toString",
                "component",
                "easy to use",
                "engine",
                "fast",
                "free as in freedom",
                "invoke",
                "no dependency",
                "php",
                "reusable",
                "template",
                "view"
            ],
            "time": "2015-10-09T21:01:56+00:00"
        },
        {
            "name": "net_bazzline/php_component_toolbox",
            "version": "1.5.0",
            "source": {
                "type": "git",
                "url": "https://github.com/bazzline/php_component_toolbox.git",
                "reference": "50d92b3769bbad28abc4bc3601ac1f662e6f9e65"
            },
            "dist": {
                "type": "zip",
                "url": "https://api.github.com/repos/bazzline/php_component_toolbox/zipball/50d92b3769bbad28abc4bc3601ac1f662e6f9e65",
                "reference": "50d92b3769bbad28abc4bc3601ac1f662e6f9e65",
                "shasum": ""
            },
            "require": {
                "php": ">=5.3.3"
            },
            "require-dev": {
                "phpunit/phpunit": "4.8.*"
            },
            "type": "library",
            "autoload": {
                "psr-0": {
                    "Net\\Bazzline\\Component\\Toolbox": "source/",
                    "Test\\Net\\Bazzline\\Component\\Toolbox": "test/"
                }
            },
            "notification-url": "https://packagist.org/downloads/",
            "license": [
                "LGPLv3"
            ],
            "authors": [
                {
                    "name": "Stev Leibelt",
                    "email": "artodeto@bazzline.net",
                    "homepage": "https://artodeto.bazzline.net",
                    "role": "Developer"
                }
            ],
            "description": "free as in freedom free software collection of tools to easy and speed up development with php",
            "keywords": [
                "Toolbox",
                "array",
                "component",
                "free as in freedom",
                "invoke",
                "php",
                "reusable",
                "tools",
                "utilities"
            ],
            "time": "2015-10-10T19:11:37+00:00"
        },
        {
            "name": "ramsey/uuid",
            "version": "3.0.1",
            "source": {
                "type": "git",
                "url": "https://github.com/ramsey/uuid.git",
                "reference": "3c84b9e2965a5fa666dec8617a3a66a8179c6ca8"
            },
            "dist": {
                "type": "zip",
                "url": "https://api.github.com/repos/ramsey/uuid/zipball/3c84b9e2965a5fa666dec8617a3a66a8179c6ca8",
                "reference": "3c84b9e2965a5fa666dec8617a3a66a8179c6ca8",
                "shasum": ""
            },
            "require": {
                "php": ">=5.4"
            },
            "replace": {
                "rhumsaa/uuid": "self.version"
            },
            "require-dev": {
                "apigen/apigen": "^4.1",
                "ircmaxell/random-lib": "^1.1",
                "jakub-onderka/php-parallel-lint": "^0.9.0",
                "moontoast/math": "^1.1",
                "phpunit/phpunit": "^4.7",
                "satooshi/php-coveralls": "^0.6.1",
                "squizlabs/php_codesniffer": "^2.3"
            },
            "suggest": {
                "ext-uuid": "Provides the PECL UUID extension for use with the PeclUuidTimeGenerator and PeclUuidRandomGenerator",
                "ircmaxell/random-lib": "Provides RandomLib for use with the RandomLibAdapter",
                "moontoast/math": "Provides support for converting UUID to 128-bit integer (in string form).",
                "ramsey/uuid-console": "A console application for generating UUIDs with ramsey/uuid",
                "ramsey/uuid-doctrine": "Allows the use of Ramsey\\Uuid\\Uuid as Doctrine field type."
            },
            "type": "library",
            "autoload": {
                "psr-4": {
                    "Ramsey\\Uuid\\": "src/"
                }
            },
            "notification-url": "https://packagist.org/downloads/",
            "license": [
                "MIT"
            ],
            "authors": [
                {
                    "name": "Marijn Huizendveld",
                    "email": "marijn.huizendveld@gmail.com"
                },
                {
                    "name": "Thibaud Fabre",
                    "email": "thibaud@aztech.io"
                },
                {
                    "name": "Ben Ramsey",
                    "email": "ben@benramsey.com",
                    "homepage": "https://benramsey.com"
                }
            ],
            "description": "Formerly rhumsaa/uuid. A PHP 5.4+ library for generating RFC 4122 version 1, 3, 4, and 5 universally unique identifiers (UUID).",
            "homepage": "https://github.com/ramsey/uuid",
            "keywords": [
                "guid",
                "identifier",
                "uuid"
            ],
            "time": "2015-10-21T16:27:25+00:00"
        }
    ],
    "packages-dev": [],
    "aliases": [],
    "minimum-stability": "stable",
    "stability-flags": [],
    "prefer-stable": false,
    "prefer-lowest": false,
    "platform": [],
    "platform-dev": [],
    "plugin-api-version": "2.3.0"
}
