{
    "_readme": [
        "This file locks the dependencies of your project to a known state",
        "Read more about it at https://getcomposer.org/doc/01-basic-usage.md#installing-dependencies",
        "This file is @generated automatically"
    ],
    "content-hash": "ba8046d78acfdd6fa8d3c52fd5ec7273",
    "packages": [
        {
            "name": "cebe/markdown",
            "version": "1.2.1",
            "source": {
                "type": "git",
                "url": "https://github.com/cebe/markdown.git",
                "reference": "9bac5e971dd391e2802dca5400bbeacbaea9eb86"
            },
            "dist": {
                "type": "zip",
                "url": "https://api.github.com/repos/cebe/markdown/zipball/9bac5e971dd391e2802dca5400bbeacbaea9eb86",
                "reference": "9bac5e971dd391e2802dca5400bbeacbaea9eb86",
                "shasum": ""
            },
            "require": {
                "lib-pcre": "*",
                "php": ">=5.4.0"
            },
            "require-dev": {
                "cebe/indent": "*",
                "facebook/xhprof": "*@dev",
                "phpunit/phpunit": "4.1.*"
            },
            "bin": [
                "bin/markdown"
            ],
            "type": "library",
            "extra": {
                "branch-alias": {
                    "dev-master": "1.2.x-dev"
                }
            },
            "autoload": {
                "psr-4": {
                    "cebe\\markdown\\": ""
                }
            },
            "notification-url": "https://packagist.org/downloads/",
            "license": [
                "MIT"
            ],
            "authors": [
                {
                    "name": "Carsten Brandt",
                    "email": "mail@cebe.cc",
                    "homepage": "http://cebe.cc/",
                    "role": "Creator"
                }
            ],
            "description": "A super fast, highly extensible markdown parser for PHP",
            "homepage": "https://github.com/cebe/markdown#readme",
            "keywords": [
                "extensible",
                "fast",
                "gfm",
                "markdown",
                "markdown-extra"
            ],
            "support": {
                "issues": "https://github.com/cebe/markdown/issues",
                "source": "https://github.com/cebe/markdown"
            },
            "time": "2018-03-26T11:24:36+00:00"
        },
        {
            "name": "erusev/parsedown",
            "version": "1.7.4",
            "source": {
                "type": "git",
                "url": "https://github.com/erusev/parsedown.git",
                "reference": "cb17b6477dfff935958ba01325f2e8a2bfa6dab3"
            },
            "dist": {
                "type": "zip",
                "url": "https://api.github.com/repos/erusev/parsedown/zipball/cb17b6477dfff935958ba01325f2e8a2bfa6dab3",
                "reference": "cb17b6477dfff935958ba01325f2e8a2bfa6dab3",
                "shasum": ""
            },
            "require": {
                "ext-mbstring": "*",
                "php": ">=5.3.0"
            },
            "require-dev": {
                "phpunit/phpunit": "^4.8.35"
            },
            "type": "library",
            "autoload": {
                "psr-0": {
                    "Parsedown": ""
                }
            },
            "notification-url": "https://packagist.org/downloads/",
            "license": [
                "MIT"
            ],
            "authors": [
                {
                    "name": "Emanuil Rusev",
                    "email": "hello@erusev.com",
                    "homepage": "http://erusev.com"
                }
            ],
            "description": "Parser for Markdown.",
            "homepage": "http://parsedown.org",
            "keywords": [
                "markdown",
                "parser"
            ],
            "support": {
                "issues": "https://github.com/erusev/parsedown/issues",
                "source": "https://github.com/erusev/parsedown/tree/1.7.x"
            },
            "time": "2019-12-30T22:54:17+00:00"
        },
        {
            "name": "league/commonmark",
            "version": "0.18.5",
            "source": {
                "type": "git",
                "url": "https://github.com/thephpleague/commonmark.git",
                "reference": "f94e18d68260f43a7d846279cad88405854b1306"
            },
            "dist": {
                "type": "zip",
                "url": "https://api.github.com/repos/thephpleague/commonmark/zipball/f94e18d68260f43a7d846279cad88405854b1306",
                "reference": "f94e18d68260f43a7d846279cad88405854b1306",
                "shasum": ""
            },
            "require": {
                "ext-mbstring": "*",
                "php": ">=5.6.5"
            },
            "replace": {
                "colinodell/commonmark-php": "*"
            },
            "require-dev": {
                "cebe/markdown": "~1.0",
                "commonmark/commonmark.js": "0.28",
                "erusev/parsedown": "~1.0",
                "michelf/php-markdown": "~1.4",
                "mikehaertl/php-shellcommand": "^1.2",
                "phpunit/phpunit": "^5.7.27|^6.5.14",
                "scrutinizer/ocular": "^1.1",
                "symfony/finder": "^3.0|^4.0"
            },
            "suggest": {
                "league/commonmark-extras": "Library of useful extensions including smart punctuation"
            },
            "bin": [
                "bin/commonmark"
            ],
            "type": "library",
            "extra": {
                "branch-alias": {
                    "dev-master": "0.19-dev"
                }
            },
            "autoload": {
                "psr-4": {
                    "League\\CommonMark\\": "src/"
                }
            },
            "notification-url": "https://packagist.org/downloads/",
            "license": [
                "BSD-3-Clause"
            ],
            "authors": [
                {
                    "name": "Colin O'Dell",
                    "email": "colinodell@gmail.com",
                    "homepage": "https://www.colinodell.com",
                    "role": "Lead Developer"
                }
            ],
            "description": "PHP Markdown parser based on the CommonMark spec",
            "homepage": "https://github.com/thephpleague/commonmark",
            "keywords": [
                "commonmark",
                "markdown",
                "parser"
            ],
            "support": {
                "docs": "https://commonmark.thephpleague.com/",
                "issues": "https://github.com/thephpleague/commonmark/issues",
                "rss": "https://github.com/thephpleague/commonmark/releases.atom",
                "source": "https://github.com/thephpleague/commonmark"
            },
            "time": "2019-03-28T13:52:31+00:00"
        },
        {
            "name": "league/html-to-markdown",
            "version": "4.10.0",
            "source": {
                "type": "git",
                "url": "https://github.com/thephpleague/html-to-markdown.git",
                "reference": "0868ae7a552e809e5cd8f93ba022071640408e88"
            },
            "dist": {
                "type": "zip",
                "url": "https://api.github.com/repos/thephpleague/html-to-markdown/zipball/0868ae7a552e809e5cd8f93ba022071640408e88",
                "reference": "0868ae7a552e809e5cd8f93ba022071640408e88",
                "shasum": ""
            },
            "require": {
                "ext-dom": "*",
                "ext-xml": "*",
                "php": ">=5.3.3"
            },
            "require-dev": {
                "mikehaertl/php-shellcommand": "~1.1.0",
                "phpunit/phpunit": "^4.8|^5.7",
                "scrutinizer/ocular": "~1.1"
            },
            "bin": [
                "bin/html-to-markdown"
            ],
            "type": "library",
            "extra": {
                "branch-alias": {
                    "dev-master": "4.10-dev"
                }
            },
            "autoload": {
                "psr-4": {
                    "League\\HTMLToMarkdown\\": "src/"
                }
            },
            "notification-url": "https://packagist.org/downloads/",
            "license": [
                "MIT"
            ],
            "authors": [
                {
                    "name": "Colin O'Dell",
                    "email": "colinodell@gmail.com",
                    "homepage": "https://www.colinodell.com",
                    "role": "Lead Developer"
                },
                {
                    "name": "Nick Cernis",
                    "email": "nick@cern.is",
                    "homepage": "http://modernnerd.net",
                    "role": "Original Author"
                }
            ],
            "description": "An HTML-to-markdown conversion helper for PHP",
            "homepage": "https://github.com/thephpleague/html-to-markdown",
            "keywords": [
                "html",
                "markdown"
            ],
            "support": {
                "issues": "https://github.com/thephpleague/html-to-markdown/issues",
                "source": "https://github.com/thephpleague/html-to-markdown/tree/4.10.0"
            },
            "funding": [
                {
                    "url": "https://www.colinodell.com/sponsor",
                    "type": "custom"
                },
                {
                    "url": "https://www.paypal.me/colinpodell/10.00",
                    "type": "custom"
                },
                {
                    "url": "https://github.com/colinodell",
                    "type": "github"
                },
                {
                    "url": "https://www.patreon.com/colinodell",
                    "type": "patreon"
                }
            ],
            "time": "2020-07-01T00:34:03+00:00"
        },
        {
            "name": "michelf/php-markdown",
            "version": "1.9.1",
            "source": {
                "type": "git",
                "url": "https://github.com/michelf/php-markdown.git",
                "reference": "5024d623c1a057dcd2d076d25b7d270a1d0d55f3"
            },
            "dist": {
                "type": "zip",
                "url": "https://api.github.com/repos/michelf/php-markdown/zipball/5024d623c1a057dcd2d076d25b7d270a1d0d55f3",
                "reference": "5024d623c1a057dcd2d076d25b7d270a1d0d55f3",
                "shasum": ""
            },
            "require": {
                "php": ">=5.3.0"
            },
            "require-dev": {
                "phpunit/phpunit": ">=4.3 <5.8"
            },
            "type": "library",
            "autoload": {
                "psr-4": {
                    "Michelf\\": "Michelf/"
                }
            },
            "notification-url": "https://packagist.org/downloads/",
            "license": [
                "BSD-3-Clause"
            ],
            "authors": [
                {
                    "name": "Michel Fortin",
                    "email": "michel.fortin@michelf.ca",
                    "homepage": "https://michelf.ca/",
                    "role": "Developer"
                },
                {
                    "name": "John Gruber",
                    "homepage": "https://daringfireball.net/"
                }
            ],
            "description": "PHP Markdown",
            "homepage": "https://michelf.ca/projects/php-markdown/",
            "keywords": [
                "markdown"
            ],
            "support": {
                "issues": "https://github.com/michelf/php-markdown/issues",
                "source": "https://github.com/michelf/php-markdown/tree/1.9.1"
            },
            "time": "2021-11-24T02:52:38+00:00"
        },
        {
            "name": "net_bazzline/php_component_cli_arguments",
            "version": "1.3.0",
            "source": {
                "type": "git",
                "url": "https://github.com/bazzline/php_component_cli_arguments.git",
                "reference": "debf4510fa2cf3cb9aaea2f93a4789152e39df16"
            },
            "dist": {
                "type": "zip",
                "url": "https://api.github.com/repos/bazzline/php_component_cli_arguments/zipball/debf4510fa2cf3cb9aaea2f93a4789152e39df16",
                "reference": "debf4510fa2cf3cb9aaea2f93a4789152e39df16",
                "shasum": ""
            },
            "require": {
                "php": ">=5.3.3"
            },
            "require-dev": {
                "phpunit/phpunit": ">=4.8.16"
            },
            "type": "library",
            "autoload": {
                "psr-0": {
                    "Net\\Bazzline\\Component\\Cli\\Arguments": "source/",
                    "Test\\Net\\Bazzline\\Component\\Cli\\Arguments": "test/"
                }
            },
            "notification-url": "https://packagist.org/downloads/",
            "license": [
                "LGPLv3"
            ],
            "authors": [
                {
                    "name": "Stev Leibelt",
                    "email": "artodeto@bazzline.net",
                    "homepage": "https://artodeto.bazzline.net",
                    "role": "Developer"
                }
            ],
            "description": "free as in freedom php cli command thin wrapper to easy up usage and validation of command line arguments",
            "keywords": [
                "argument",
                "cli",
                "flag",
                "free as in freedom",
                "getopt",
                "lgpl",
                "php",
                "shell",
                "trigger"
            ],
            "support": {
                "issues": "https://github.com/bazzline/php_component_cli_arguments/issues",
                "source": "https://github.com/bazzline/php_component_cli_arguments/tree/master"
            },
            "time": "2015-12-01T16:14:39+00:00"
        },
        {
            "name": "net_bazzline/php_component_cli_environment",
            "version": "0.1.2",
            "source": {
                "type": "git",
                "url": "https://github.com/bazzline/php_component_cli_environment.git",
                "reference": "91a045b6d04b50645c1d71f763af6bdb5a5b767a"
            },
            "dist": {
                "type": "zip",
                "url": "https://api.github.com/repos/bazzline/php_component_cli_environment/zipball/91a045b6d04b50645c1d71f763af6bdb5a5b767a",
                "reference": "91a045b6d04b50645c1d71f763af6bdb5a5b767a",
                "shasum": ""
            },
            "require": {
                "net_bazzline/php_component_cli_arguments": "1.3.0",
                "net_bazzline/php_component_toolbox": ">=1.5",
                "php": ">=5.3.3"
            },
            "bin": [
                "bin/net_bazzline_create_executable_command_line_file"
            ],
            "type": "library",
            "autoload": {
                "psr-0": {
                    "Net\\Bazzline\\Component\\Cli\\Environment": "source/"
                }
            },
            "notification-url": "https://packagist.org/downloads/",
            "license": [
                "LGPLv3"
            ],
            "authors": [
                {
                    "name": "Stev Leibelt",
                    "email": "artodeto@bazzline.net",
                    "homepage": "https://artodeto.bazzline.net",
                    "role": "Developer"
                }
            ],
            "description": "free as in freedom command line environment for php creating lean command line executable files",
            "keywords": [
                "cli",
                "command line",
                "component",
                "console",
                "environment",
                "free as in freedom",
                "lean",
                "lgpl",
                "php"
            ],
            "support": {
                "issues": "https://github.com/bazzline/php_component_cli_environment/issues",
                "source": "https://github.com/bazzline/php_component_cli_environment/tree/master"
            },
            "time": "2015-12-01T16:51:56+00:00"
        },
        {
            "name": "net_bazzline/php_component_code_generator",
            "version": "1.1.11",
            "source": {
                "type": "git",
                "url": "https://github.com/bazzline/php_component_code_generator.git",
                "reference": "7888ecf46aea080f64e53e68d6788c2655be165c"
            },
            "dist": {
                "type": "zip",
                "url": "https://api.github.com/repos/bazzline/php_component_code_generator/zipball/7888ecf46aea080f64e53e68d6788c2655be165c",
                "reference": "7888ecf46aea080f64e53e68d6788c2655be165c",
                "shasum": ""
            },
            "require": {
                "php": ">=5.3.3"
            },
            "require-dev": {
                "mockery/mockery": "0.9.*",
                "phpunit/phpunit": "~4.8.0||~5.2.0"
            },
            "type": "library",
            "autoload": {
                "psr-4": {
                    "Net\\Bazzline\\Component\\CodeGenerator\\": "source/"
                }
            },
            "notification-url": "https://packagist.org/downloads/",
            "license": [
                "LGPLv3"
            ],
            "authors": [
                {
                    "name": "Stev Leibelt",
                    "email": "artodeto@bazzline.net",
                    "homepage": "https://artodeto.bazzline.et",
                    "role": "Developer"
                }
            ],
            "description": "free as in freedom component to generate php code for class, file, method, property, constant, documentation",
            "keywords": [
                "free as in freedom",
                "generator",
                "lgpl",
                "php",
                "php code generator",
                "phpdoc"
            ],
            "support": {
                "issues": "https://github.com/bazzline/php_component_code_generator/issues",
                "source": "https://github.com/bazzline/php_component_code_generator/tree/master"
            },
            "abandoned": true,
            "time": "2016-02-20T10:53:12+00:00"
        },
        {
            "name": "net_bazzline/php_component_command",
            "version": "1.2.2",
            "source": {
                "type": "git",
                "url": "https://github.com/bazzline/php_component_command.git",
                "reference": "7583974179ef32b5a0d6559cc65953a230f27a57"
            },
            "dist": {
                "type": "zip",
                "url": "https://api.github.com/repos/bazzline/php_component_command/zipball/7583974179ef32b5a0d6559cc65953a230f27a57",
                "reference": "7583974179ef32b5a0d6559cc65953a230f27a57",
                "shasum": ""
            },
            "require": {
                "php": ">=5.3.3"
            },
            "require-dev": {
                "mockery/mockery": "0.9.*",
                "phpunit/phpunit": "~4.8.0||~5.2.0"
            },
            "type": "library",
            "autoload": {
                "psr-4": {
                    "Example\\": "example",
                    "Net\\Bazzline\\Component\\Command\\": "source/"
                }
            },
            "notification-url": "https://packagist.org/downloads/",
            "license": [
                "LGPL-3.0"
            ],
            "authors": [
                {
                    "name": "Stev Leibelt",
                    "email": "artodeto@bazzline.net",
                    "homepage": "https://artodeto.bazzline.et",
                    "role": "Developer"
                }
            ],
            "description": "free as in freedom php component command is a thin and generic wrapper to easy up using system (shell) command usage",
            "keywords": [
                "PSR-4",
                "bazzline",
                "command",
                "component",
                "free as in freedom",
                "job",
                "lgpl",
                "php",
                "psr",
                "shell",
                "system command",
                "wrapper"
            ],
            "support": {
                "issues": "https://github.com/bazzline/php_component_command/issues",
                "source": "https://github.com/bazzline/php_component_command/tree/master"
            },
            "time": "2016-02-22T21:58:49+00:00"
        },
        {
            "name": "net_bazzline/php_component_locator_generator",
            "version": "2.0.9",
            "source": {
                "type": "git",
                "url": "https://github.com/bazzline/php_component_locator_generator.git",
                "reference": "2ec076556f5bf49481aee35a8f1e2c82e45f9fb3"
            },
            "dist": {
                "type": "zip",
                "url": "https://api.github.com/repos/bazzline/php_component_locator_generator/zipball/2ec076556f5bf49481aee35a8f1e2c82e45f9fb3",
                "reference": "2ec076556f5bf49481aee35a8f1e2c82e45f9fb3",
                "shasum": ""
            },
            "require": {
                "net_bazzline/php_component_cli_arguments": "1.3.*",
                "net_bazzline/php_component_code_generator": "1.1.*",
                "net_bazzline/php_component_command": "1.2.*",
                "net_bazzline/php_component_process_pipe": "1.1.*",
                "php": ">=5.3.3"
            },
            "require-dev": {
                "mikey179/vfsstream": "1.6.2",
                "mockery/mockery": "0.9.4",
                "phpunit/phpunit": "~4.8||~5.1"
            },
            "bin": [
                "bin/net_bazzline_generate_locator"
            ],
            "type": "library",
            "autoload": {
                "psr-4": {
                    "Net\\Bazzline\\Component\\Locator\\": "source/"
                }
            },
            "notification-url": "https://packagist.org/downloads/",
            "license": [
                "LGPL-3.0"
            ],
            "authors": [
                {
                    "name": "Stev Leibelt",
                    "email": "artodeto@bazzline.net",
                    "homepage": "https://artodeto.bazzline.et",
                    "role": "Developer"
                }
            ],
            "description": "Free as in freedom php component that generates configuration based hard coded locator",
            "keywords": [
                "PSR-4",
                "array",
                "bazzline",
                "configuration",
                "free as in freedom",
                "generator",
                "lgpl",
                "locator",
                "php",
                "propel",
                "psr",
                "schema.xml"
            ],
            "support": {
                "issues": "https://github.com/bazzline/php_component_locator_generator/issues",
                "source": "https://github.com/bazzline/php_component_locator_generator/tree/master"
            },
            "time": "2016-03-22T19:02:05+00:00"
        },
        {
            "name": "net_bazzline/php_component_process_pipe",
            "version": "1.1.1",
            "source": {
                "type": "git",
                "url": "https://github.com/bazzline/php_component_process_pipe.git",
                "reference": "b7d7e9036f8f691f7313c324cbc3ebfe4846f875"
            },
            "dist": {
                "type": "zip",
                "url": "https://api.github.com/repos/bazzline/php_component_process_pipe/zipball/b7d7e9036f8f691f7313c324cbc3ebfe4846f875",
                "reference": "b7d7e9036f8f691f7313c324cbc3ebfe4846f875",
                "shasum": ""
            },
            "require": {
                "php": ">=5.3.3"
            },
            "require-dev": {
                "mockery/mockery": "0.9.4",
                "phpunit/phpunit": "~4.8||~5.4"
            },
            "type": "library",
            "autoload": {
                "psr-4": {
                    "Example\\": "example/",
                    "Net\\Bazzline\\Component\\ProcessPipe\\": "source/"
                }
            },
            "notification-url": "https://packagist.org/downloads/",
            "license": [
                "LGPLv3"
            ],
            "authors": [
                {
                    "name": "Stev Leibelt",
                    "email": "artodeto@bazzline.net",
                    "homepage": "https://artodeto.bazzline.et",
                    "role": "Developer"
                }
            ],
            "description": "free as in freedom php component process to easy up creation of pipe process in php",
            "keywords": [
                "PSR-4",
                "bazzline",
                "component",
                "free as in freedom",
                "lgpl",
                "php",
                "pipe",
                "process",
                "process pipe",
                "psr"
            ],
            "support": {
                "issues": "https://github.com/bazzline/php_component_process_pipe/issues",
                "source": "https://github.com/bazzline/php_component_process_pipe/tree/master"
            },
            "time": "2016-07-29T07:00:11+00:00"
        },
        {
            "name": "net_bazzline/php_component_template",
            "version": "3.1.3",
            "source": {
                "type": "git",
                "url": "https://github.com/bazzline/php_component_template.git",
                "reference": "598cc63954c9930ddc765631aad40b730b3fa54a"
            },
            "dist": {
                "type": "zip",
                "url": "https://api.github.com/repos/bazzline/php_component_template/zipball/598cc63954c9930ddc765631aad40b730b3fa54a",
                "reference": "598cc63954c9930ddc765631aad40b730b3fa54a",
                "shasum": ""
            },
            "require": {
                "php": ">=5.3.3"
            },
            "require-dev": {
                "mikey179/vfsstream": "1.6.*",
                "phpunit/phpunit": "~4.8||~5.0"
            },
            "suggest": {
                "zendframework/zend-expressive-template": "Standardize a template interface for multiple template engines"
            },
            "type": "library",
            "autoload": {
                "psr-4": {
                    "Net\\Bazzline\\Component\\Template\\": "source/",
                    "Test\\Net\\Bazzline\\Component\\Template\\": "test/"
                }
            },
            "notification-url": "https://packagist.org/downloads/",
            "license": [
                "LGPLv3"
            ],
            "authors": [
                {
                    "name": "Stev Leibelt",
                    "email": "artodeto@bazzline.net",
                    "homepage": "https://artodeto.bazzline.net",
                    "role": "Developer"
                }
            ],
            "description": "free as in freedom free software template engine for php",
            "keywords": [
                "__toString",
                "component",
                "easy to use",
                "engine",
                "fast",
                "free as in freedom",
                "invoke",
                "no dependency",
                "php",
                "reusable",
                "stack",
                "stackable",
                "template",
                "view",
                "yapte"
            ],
            "support": {
                "issues": "https://github.com/bazzline/php_component_template/issues",
                "source": "https://github.com/bazzline/php_component_template/tree/master"
            },
            "time": "2016-01-31T00:44:28+00:00"
        },
        {
            "name": "net_bazzline/php_component_toolbox",
            "version": "1.9.0",
            "source": {
                "type": "git",
                "url": "https://github.com/bazzline/php_component_toolbox.git",
                "reference": "87d3cb8f94c2759d7540fe64331198aa81c1bed1"
            },
            "dist": {
                "type": "zip",
                "url": "https://api.github.com/repos/bazzline/php_component_toolbox/zipball/87d3cb8f94c2759d7540fe64331198aa81c1bed1",
                "reference": "87d3cb8f94c2759d7540fe64331198aa81c1bed1",
                "shasum": ""
            },
            "require": {
                "php": ">=5.3.3"
            },
            "require-dev": {
                "phpunit/phpunit": "~4.8||~5.2"
            },
            "type": "library",
            "autoload": {
                "psr-4": {
                    "Net\\Bazzline\\Component\\Toolbox\\": "source/"
                }
            },
            "notification-url": "https://packagist.org/downloads/",
            "license": [
                "LGPLv3"
            ],
            "authors": [
                {
                    "name": "Stev Leibelt",
                    "email": "artodeto@bazzline.net",
                    "homepage": "https://artodeto.bazzline.net",
                    "role": "Developer"
                }
            ],
            "description": "free as in freedom free software collection of tools to easy and speed up development with php",
            "keywords": [
                "PSR-4",
                "Toolbox",
                "array",
                "bazzline",
                "component",
                "free as in freedom",
                "invoke",
                "php",
                "psr",
                "reusable",
                "tools",
                "utilities"
            ],
            "support": {
                "issues": "https://github.com/bazzline/php_component_toolbox/issues",
                "source": "https://github.com/bazzline/php_component_toolbox/tree/master"
            },
            "abandoned": true,
            "time": "2016-03-06T21:12:52+00:00"
        },
        {
            "name": "paragonie/random_compat",
            "version": "v9.99.100",
            "source": {
                "type": "git",
                "url": "https://github.com/paragonie/random_compat.git",
                "reference": "996434e5492cb4c3edcb9168db6fbb1359ef965a"
            },
            "dist": {
                "type": "zip",
                "url": "https://api.github.com/repos/paragonie/random_compat/zipball/996434e5492cb4c3edcb9168db6fbb1359ef965a",
                "reference": "996434e5492cb4c3edcb9168db6fbb1359ef965a",
                "shasum": ""
            },
            "require": {
                "php": ">= 7"
            },
            "require-dev": {
                "phpunit/phpunit": "4.*|5.*",
                "vimeo/psalm": "^1"
            },
            "suggest": {
                "ext-libsodium": "Provides a modern crypto API that can be used to generate random bytes."
            },
            "type": "library",
            "notification-url": "https://packagist.org/downloads/",
            "license": [
                "MIT"
            ],
            "authors": [
                {
                    "name": "Paragon Initiative Enterprises",
                    "email": "security@paragonie.com",
                    "homepage": "https://paragonie.com"
                }
            ],
            "description": "PHP 5.x polyfill for random_bytes() and random_int() from PHP 7",
            "keywords": [
                "csprng",
                "polyfill",
                "pseudorandom",
                "random"
            ],
            "support": {
                "email": "info@paragonie.com",
                "issues": "https://github.com/paragonie/random_compat/issues",
                "source": "https://github.com/paragonie/random_compat"
            },
            "time": "2020-10-15T08:29:30+00:00"
        },
        {
            "name": "ramsey/uuid",
            "version": "3.9.6",
            "source": {
                "type": "git",
                "url": "https://github.com/ramsey/uuid.git",
                "reference": "ffa80ab953edd85d5b6c004f96181a538aad35a3"
            },
            "dist": {
                "type": "zip",
                "url": "https://api.github.com/repos/ramsey/uuid/zipball/ffa80ab953edd85d5b6c004f96181a538aad35a3",
                "reference": "ffa80ab953edd85d5b6c004f96181a538aad35a3",
                "shasum": ""
            },
            "require": {
                "ext-json": "*",
                "paragonie/random_compat": "^1 | ^2 | ^9.99.99",
                "php": "^5.4 | ^7.0 | ^8.0",
                "symfony/polyfill-ctype": "^1.8"
            },
            "replace": {
                "rhumsaa/uuid": "self.version"
            },
            "require-dev": {
                "codeception/aspect-mock": "^1 | ^2",
                "doctrine/annotations": "^1.2",
                "goaop/framework": "1.0.0-alpha.2 | ^1 | >=2.1.0 <=2.3.2",
                "mockery/mockery": "^0.9.11 | ^1",
                "moontoast/math": "^1.1",
                "nikic/php-parser": "<=4.5.0",
                "paragonie/random-lib": "^2",
                "php-mock/php-mock-phpunit": "^0.3 | ^1.1 | ^2.6",
                "php-parallel-lint/php-parallel-lint": "^1.3",
                "phpunit/phpunit": ">=4.8.36 <9.0.0 | >=9.3.0",
                "squizlabs/php_codesniffer": "^3.5",
                "yoast/phpunit-polyfills": "^1.0"
            },
            "suggest": {
                "ext-ctype": "Provides support for PHP Ctype functions",
                "ext-libsodium": "Provides the PECL libsodium extension for use with the SodiumRandomGenerator",
                "ext-openssl": "Provides the OpenSSL extension for use with the OpenSslGenerator",
                "ext-uuid": "Provides the PECL UUID extension for use with the PeclUuidTimeGenerator and PeclUuidRandomGenerator",
                "moontoast/math": "Provides support for converting UUID to 128-bit integer (in string form).",
                "paragonie/random-lib": "Provides RandomLib for use with the RandomLibAdapter",
                "ramsey/uuid-console": "A console application for generating UUIDs with ramsey/uuid",
                "ramsey/uuid-doctrine": "Allows the use of Ramsey\\Uuid\\Uuid as Doctrine field type."
            },
            "type": "library",
            "extra": {
                "branch-alias": {
                    "dev-master": "3.x-dev"
                }
            },
            "autoload": {
                "files": [
                    "src/functions.php"
                ],
                "psr-4": {
                    "Ramsey\\Uuid\\": "src/"
                }
            },
            "notification-url": "https://packagist.org/downloads/",
            "license": [
                "MIT"
            ],
            "authors": [
                {
                    "name": "Ben Ramsey",
                    "email": "ben@benramsey.com",
                    "homepage": "https://benramsey.com"
                },
                {
                    "name": "Marijn Huizendveld",
                    "email": "marijn.huizendveld@gmail.com"
                },
                {
                    "name": "Thibaud Fabre",
                    "email": "thibaud@aztech.io"
                }
            ],
            "description": "Formerly rhumsaa/uuid. A PHP 5.4+ library for generating RFC 4122 version 1, 3, 4, and 5 universally unique identifiers (UUID).",
            "homepage": "https://github.com/ramsey/uuid",
            "keywords": [
                "guid",
                "identifier",
                "uuid"
            ],
            "support": {
                "issues": "https://github.com/ramsey/uuid/issues",
                "rss": "https://github.com/ramsey/uuid/releases.atom",
                "source": "https://github.com/ramsey/uuid",
                "wiki": "https://github.com/ramsey/uuid/wiki"
            },
            "funding": [
                {
                    "url": "https://github.com/ramsey",
                    "type": "github"
                },
                {
                    "url": "https://tidelift.com/funding/github/packagist/ramsey/uuid",
                    "type": "tidelift"
                }
            ],
            "time": "2021-09-25T23:07:42+00:00"
        },
        {
            "name": "symfony/polyfill-ctype",
            "version": "v1.25.0",
            "source": {
                "type": "git",
                "url": "https://github.com/symfony/polyfill-ctype.git",
                "reference": "30885182c981ab175d4d034db0f6f469898070ab"
            },
            "dist": {
                "type": "zip",
                "url": "https://api.github.com/repos/symfony/polyfill-ctype/zipball/30885182c981ab175d4d034db0f6f469898070ab",
                "reference": "30885182c981ab175d4d034db0f6f469898070ab",
                "shasum": ""
            },
            "require": {
                "php": ">=7.1"
            },
            "provide": {
                "ext-ctype": "*"
            },
            "suggest": {
                "ext-ctype": "For best performance"
            },
            "type": "library",
            "extra": {
                "branch-alias": {
                    "dev-main": "1.23-dev"
                },
                "thanks": {
                    "name": "symfony/polyfill",
                    "url": "https://github.com/symfony/polyfill"
                }
            },
            "autoload": {
                "files": [
                    "bootstrap.php"
                ],
                "psr-4": {
                    "Symfony\\Polyfill\\Ctype\\": ""
                }
            },
            "notification-url": "https://packagist.org/downloads/",
            "license": [
                "MIT"
            ],
            "authors": [
                {
                    "name": "Gert de Pagter",
                    "email": "BackEndTea@gmail.com"
                },
                {
                    "name": "Symfony Community",
                    "homepage": "https://symfony.com/contributors"
                }
            ],
            "description": "Symfony polyfill for ctype functions",
            "homepage": "https://symfony.com",
            "keywords": [
                "compatibility",
                "ctype",
                "polyfill",
                "portable"
            ],
            "support": {
                "source": "https://github.com/symfony/polyfill-ctype/tree/v1.25.0"
            },
            "funding": [
                {
                    "url": "https://symfony.com/sponsor",
                    "type": "custom"
                },
                {
                    "url": "https://github.com/fabpot",
                    "type": "github"
                },
                {
                    "url": "https://tidelift.com/funding/github/packagist/symfony/symfony",
                    "type": "tidelift"
                }
            ],
            "time": "2021-10-20T20:35:02+00:00"
        }
    ],
    "packages-dev": [],
    "aliases": [],
    "minimum-stability": "stable",
    "stability-flags": [],
    "prefer-stable": false,
    "prefer-lowest": false,
    "platform": [],
    "platform-dev": [],
    "plugin-api-version": "2.3.0"
}
